github.com/Rakiiii/goBigIntLib v0.0.1 h1:fLvfXHGJPRtOwvLPp3056zwpfqgj8p5yypJa6LfYGsc=
github.com/Rakiiii/goBigIntLib v0.0.1/go.mod h1:EtKVccQqzLdysRb7IMBWFqKwE2au2aqRNOs5DkFhOtQ=
github.com/Rakiiii/goBoolMatrix v0.0.1 h1:aMvEPDqEJq/hgDMpUpluziJwCl4ve1s2JtNiVcpF42Q=
github.com/Rakiiii/goBoolMatrix v0.0.1/go.mod h1:BEKx31Ac9edl1xLsE6BrH5Nl4ah1rkBLUPH4MN2OEYs=
github.com/Rakiiii/goBoolMatrix v0.0.2 h1:Y25htLsJpzCcPRLKcoBWNtsoh8i0vnstJwh08vPQcu0=
github.com/Rakiiii/goBoolMatrix v0.0.2/go.mod h1:BEKx31Ac9edl1xLsE6BrH5Nl4ah1rkBLUPH4MN2OEYs=
github.com/Rakiiii/goBoolMatrix v0.0.3 h1:w16Ipm7ZhhKKTIrv9Zf0Utd57DMdcXbEaoMYzmnpxnM=
github.com/Rakiiii/goBoolMatrix v0.0.3/go.mod h1:BEKx31Ac9edl1xLsE6BrH5Nl4ah1rkBLUPH4MN2OEYs=
github.com/Rakiiii/goBoolMatrix v0.0.5 h1:Xwg5DozQzH8CanRPcRY7W8KRW5utHNCsCTVnmKiYZ6U=
github.com/Rakiiii/goBoolMatrix v0.0.5/go.mod h1:BEKx31Ac9edl1xLsE6BrH5Nl4ah1rkBLUPH4MN2OEYs=
github.com/Rakiiii/goGraph v0.0.0-20191006090441-e3e37eeb1272 h1:YpYHUzcA4XTu/Pz6S2lzxS8oKpVUUkt50jXZ6SZFvNc=
github.com/Rakiiii/goGraph v0.0.0-20191006090441-e3e37eeb1272/go.mod h1:bYAV6bGI3W/Q2pbO8wpCVywSbfjNNbvQ41WEdop3YAI=
github.com/Rakiiii/goGraph v0.0.9 h1:4eir386ELLCgCtGD2r5DJimMorZTuqPBRLuNENAgGjs=
github.com/Rakiiii/goGraph v0.0.9/go.mod h1:bYAV6bGI3W/Q2pbO8wpCVywSbfjNNbvQ41WEdop3YAI=
github.com/Rakiiii/goGraph v0.0.10 h1:eKJCfgv2QPUAiT0S3Ymkmd0HMvudB2XrwOmqb9Z729A=
github.com/Rakiiii/goGraph v0.0.10/go.mod h1:bYAV6bGI3W/Q2pbO8wpCVywSbfjNNbvQ41WEdop3YAI=
github.com/Rakiiii/goGraph v0.0.11 h1:Yu4QGk3/ysYrUFsxNsVEpKKXYB4Kvc77u9VGfujLN10=
github.com/Rakiiii/goGraph v0.0.11/go.mod h1:bYAV6bGI3W/Q2pbO8wpCVywSbfjNNbvQ41WEdop3YAI=
github.com/Rakiiii/goGraph v0.0.12 h1:nOPeDrXOtX+kK/sTvJceVXu9B7iyydkQN6akp7tAik0=
github.com/Rakiiii/goGraph v0.0.12/go.mod h1:bYAV6bGI3W/Q2pbO8wpCVywSbfjNNbvQ41WEdop3YAI=
github.com/Rakiiii/goGraph v0.0.14 h1:K89W41FPUVi6vQfFT8HEtydsUVulFv0MHlvrOfnCy5k=
github.com/Rakiiii/goGraph v0.0.14/go.mod h1:bYAV6bGI3W/Q2pbO8wpCVywSbfjNNbvQ41WEdop3YAI=
github.com/Rakiiii/goGraph v0.0.15 h1:+GSAfCpbrQtNZOKxTNnghspQA5M9dXbQTq4bkIrrI3w=
github.com/Rakiiii/goGraph v0.0.15/go.mod h1:bYAV6bGI3W/Q2pbO8wpCVywSbfjNNbvQ41WEdop3YAI=
github.com/Rakiiii/goGraph v0.0.16 h1:w2WaeYQ1PrpH4uOtwaERjgv3UL8lGTppjLlncsQt3KY=
github.com/Rakiiii/goGraph v0.0.16/go.mod h1:bYAV6bGI3W/Q2pbO8wpCVywSbfjNNbvQ41WEdop3YAI=
github.com/Rakiiii/goGraphPartitionLib v0.0.1 h1:6Kn5S+AG8xetkVBb0Pa7FepyrZr2CiEPzNOKDHDZmj4=
github.com/Rakiiii/goGraphPartitionLib v0.0.1/go.mod h1:1DRdLHyKu+hbYFtS6KZ+SMtYVa82ZGNj7kngXEwQL0w=
github.com/Rakiiii/goGraphPartitionLib v0.0.2 h1:mWH7v8oFb9KvrW0KUp3DQ24ilY7GtK6Q93m6vyy+ENw=
github.com/Rakiiii/goGraphPartitionLib v0.0.2/go.mod h1:FMxfRFXpTpwx63phOaC/JdXGfYSSblsZssKtG3eL7so=
github.com/Rakiiii/goGraphPartitionLib v0.0.3 h1:D6rCS1pZFKMhb1k6jRGBtqib0JrmrW9962eFTA9wZBs=
github.com/Rakiiii/goGraphPartitionLib v0.0.3/go.mod h1:FMxfRFXpTpwx63phOaC/JdXGfYSSblsZssKtG3eL7so=
github.com/Rakiiii/goGraphPartitionLib v0.0.4 h1:bKtH4awqa8Qx3FzyShwdFAp7EH1sOfItbQHA+LMYIyc=
github.com/Rakiiii/goGraphPartitionLib v0.0.4/go.mod h1:FMxfRFXpTpwx63phOaC/JdXGfYSSblsZssKtG3eL7so=
github.com/Rakiiii/goGraphPartitionLib v0.0.5 h1:8bK5Vv+/FE2A5srgmPhY0qiKpB/u2jYUd9PRx/4cxeE=
github.com/Rakiiii/goGraphPartitionLib v0.0.5/go.mod h1:FMxfRFXpTpwx63phOaC/JdXGfYSSblsZssKtG3eL7so=
github.com/Rakiiii/goGraphPartitionLib v0.0.6 h1:SFNQl7mAlnJXctGsgvEcATxtSbOAMRZwbRykg9ec2kw=
github.com/Rakiiii/goGraphPartitionLib v0.0.6/go.mod h1:FMxfRFXpTpwx63phOaC/JdXGfYSSblsZssKtG3eL7so=
github.com/Rakiiii/goGraphPartitionLib v0.0.7 h1:qEUkLgc5qZTy2TvfesFXziToeB8l9H2MJe/gCiuHIak=
github.com/Rakiiii/goGraphPartitionLib v0.0.7/go.mod h1:FMxfRFXpTpwx63phOaC/JdXGfYSSblsZssKtG3eL7so=
github.com/Rakiiii/goGraphPartitionLib v0.0.8 h1:R1wbjlHfnL9v3dIc3DEdOtlxcGhO0H7Wcl1SF61i2Lw=
github.com/Rakiiii/goGraphPartitionLib v0.0.8/go.mod h1:FMxfRFXpTpwx63phOaC/JdXGfYSSblsZssKtG3eL7so=
golang.org/x/crypto v0.0.0-20190308221718-c2843e01d9a2/go.mod h1:djNgcEr1/C05ACkg1iLfiJU5Ep61QUkGW8qpdssI0+w=
golang.org/x/net v0.0.0-20190620200207-3b0461eec859/go.mod h1:z5CRVTTTmAJ677TzLLGU+0bjPO0LkuOLi4/5GtJWs/s=
golang.org/x/sync v0.0.0-20190423024810-112230192c58 h1:8gQV6CLnAEikrhgkHFbMAEhagSSnXWGV915qUMm9mrU=
golang.org/x/sync v0.0.0-20190423024810-112230192c58/go.mod h1:RxMgew5VJxzue5/jJTE5uejpjVlOe/izrB70Jof72aM=
golang.org/x/sys v0.0.0-20190215142949-d0b11bdaac8a/go.mod h1:STP8DvDyc/dI5b8T5hshtkjS+E42TnysNCUPdjciGhY=
golang.org/x/text v0.3.0/go.mod h1:NqM8EUOU14njkJ3fqMW+pc6Ldnwhi/IjpwHt7yyuwOQ=
golang.org/x/tools v0.0.0-20190918214516-5a1a30219888 h1:ER45Jz0UDQ3e6em1lwXVwuPf96lvyQogb7m+gEbsoPg=
golang.org/x/tools v0.0.0-20190918214516-5a1a30219888/go.mod h1:b+2E5dAYhXwXZwtnZ6UAqBI28+e2cm9otk0dWdXHAEo=
golang.org/x/tools v0.0.0-20191011211836-4c025a95b26e h1:1o2bDs9pCd2xFhdwqJTrCIswAeEsn4h/PCNelWpfcsI=
golang.org/x/tools/gopls v0.1.7 h1:YwKf8t9h69++qCtVmc2q6fVuetFXmmu9LKoPMYLZid4=
golang.org/x/tools/gopls v0.1.7/go.mod h1:PE3vTwT0ejw3a2L2fFgSJkxlEbA8Slbk+Lsy9hTmbG8=
golang.org/x/xerrors v0.0.0-20190717185122-a985d3407aa7 h1:9zdDQZ7Thm29KFXgAX/+yaf3eVbP7djjWp/dXAppNCc=
golang.org/x/xerrors v0.0.0-20190717185122-a985d3407aa7/go.mod h1:I/5z698sn9Ka8TeJc9MKroUUfqBBauWjQqLJ2OPfmY0=
